
Microsoft Visual Studio Solution File, Format Version 12.00
# Visual Studio 15
VisualStudioVersion = 15.0.28307.1209
MinimumVisualStudioVersion = 10.0.40219.1
Project("{FAE04EC0-301F-11D3-BF4B-00C04F79EFBC}") = "Entities", "Entities\Entities.csproj", "{E372CC3A-EF11-4868-A123-376D73D555FB}"
EndProject
Project("{FAE04EC0-301F-11D3-BF4B-00C04F79EFBC}") = "DataAccess", "DataAccess\DataAccess.csproj", "{DB612270-048E-4651-ADDB-7B355E2C9378}"
EndProject
Project("{FAE04EC0-301F-11D3-BF4B-00C04F79EFBC}") = "FormUI", "FormUI\FormUI.csproj", "{EEB4C3F2-1054-45E5-AF1D-D8433DE3FCD1}"
EndProject
Project("{FAE04EC0-301F-11D3-BF4B-00C04F79EFBC}") = "Business", "Business\Business.csproj", "{F4EE90E0-550B-4CD0-8BF2-B62DCE6D6AEF}"
EndProject
Global
	GlobalSection(SolutionConfigurationPlatforms) = preSolution
		Debug|Any CPU = Debug|Any CPU
		Release|Any CPU = Release|Any CPU
	EndGlobalSection
	GlobalSection(ProjectConfigurationPlatforms) = postSolution
		{E372CC3A-EF11-4868-A123-376D73D555FB}.Debug|Any CPU.ActiveCfg = Debug|Any CPU
		{E372CC3A-EF11-4868-A123-376D73D555FB}.Debug|Any CPU.Build.0 = Debug|Any CPU
		{E372CC3A-EF11-4868-A123-376D73D555FB}.Release|Any CPU.ActiveCfg = Release|Any CPU
		{E372CC3A-EF11-4868-A123-376D73D555FB}.Release|Any CPU.Build.0 = Release|Any CPU
		{DB612270-048E-4651-ADDB-7B355E2C9378}.Debug|Any CPU.ActiveCfg = Debug|Any CPU
		{DB612270-048E-4651-ADDB-7B355E2C9378}.Debug|Any CPU.Build.0 = Debug|Any CPU
		{DB612270-048E-4651-ADDB-7B355E2C9378}.Release|Any CPU.ActiveCfg = Release|Any CPU
		{DB612270-048E-4651-ADDB-7B355E2C9378}.Release|Any CPU.Build.0 = Release|Any CPU
		{EEB4C3F2-1054-45E5-AF1D-D8433DE3FCD1}.Debug|Any CPU.ActiveCfg = Debug|Any CPU
		{EEB4C3F2-1054-45E5-AF1D-D8433DE3FCD1}.Debug|Any CPU.Build.0 = Debug|Any CPU
		{EEB4C3F2-1054-45E5-AF1D-D8433DE3FCD1}.Release|Any CPU.ActiveCfg = Release|Any CPU
		{EEB4C3F2-1054-45E5-AF1D-D8433DE3FCD1}.Release|Any CPU.Build.0 = Release|Any CPU
		{F4EE90E0-550B-4CD0-8BF2-B62DCE6D6AEF}.Debug|Any CPU.ActiveCfg = Debug|Any CPU
		{F4EE90E0-550B-4CD0-8BF2-B62DCE6D6AEF}.Debug|Any CPU.Build.0 = Debug|Any CPU
		{F4EE90E0-550B-4CD0-8BF2-B62DCE6D6AEF}.Release|Any CPU.ActiveCfg = Release|Any CPU
		{F4EE90E0-550B-4CD0-8BF2-B62DCE6D6AEF}.Release|Any CPU.Build.0 = Release|Any CPU
	EndGlobalSection
	GlobalSection(SolutionProperties) = preSolution
		HideSolutionNode = FALSE
	EndGlobalSection
	GlobalSection(ExtensibilityGlobals) = postSolution
		SolutionGuid = {CB860C4D-95A2-4873-BAFF-BB82C396AEBE}
	EndGlobalSection
EndGlobal
